
Microsoft Visual Studio Solution File, Format Version 12.00
# Visual Studio Version 17
VisualStudioVersion = 17.6.33829.357
MinimumVisualStudioVersion = 10.0.40219.1
Project("{FAE04EC0-301F-11D3-BF4B-00C04F79EFBC}") = "01. Convert Meters to Kilometers", "01. Convert Meters to Kilometers\01. Convert Meters to Kilometers.csproj", "{363AD1F2-2B22-440A-AE3D-4182845C763B}"
EndProject
Project("{FAE04EC0-301F-11D3-BF4B-00C04F79EFBC}") = "2. Pounds to Dollars", "2. Pounds to Dollars\2. Pounds to Dollars.csproj", "{C4519D19-BFC6-43C8-AEE0-6188F8686196}"
EndProject
Project("{FAE04EC0-301F-11D3-BF4B-00C04F79EFBC}") = "3. Exact Sum of Real Numbers", "3. Exact Sum of Real Numbers\3. Exact Sum of Real Numbers.csproj", "{EF218C40-16F2-4A64-B471-16968CBB67FD}"
EndProject
Project("{FAE04EC0-301F-11D3-BF4B-00C04F79EFBC}") = "04. Centuries to Minutes", "04. Centuries to Minutes\04. Centuries to Minutes.csproj", "{DCE75854-34D7-4912-8AC9-489A94B1F946}"
EndProject
Project("{FAE04EC0-301F-11D3-BF4B-00C04F79EFBC}") = "05. Special Numbers", "05. Special Numbers\05. Special Numbers.csproj", "{F7A70067-5590-4636-ADF8-154541FED8DC}"
EndProject
Project("{FAE04EC0-301F-11D3-BF4B-00C04F79EFBC}") = "06. Reversed Chars", "06. Reversed Chars\06. Reversed Chars.csproj", "{4DCB51AB-09A4-490A-B263-AD0A6112FCDC}"
EndProject
Project("{FAE04EC0-301F-11D3-BF4B-00C04F79EFBC}") = "07. Concat Names", "07. Concat Names\07. Concat Names.csproj", "{0B1ACE33-B799-495A-A6DD-A698E39EBC47}"
EndProject
Project("{FAE04EC0-301F-11D3-BF4B-00C04F79EFBC}") = "08. Town Info", "08. Town Info\08. Town Info.csproj", "{49978A05-9627-42BF-9888-E66863374A5C}"
EndProject
Project("{FAE04EC0-301F-11D3-BF4B-00C04F79EFBC}") = "9. Chars to String", "9. Chars to String\9. Chars to String.csproj", "{7A5C3AD7-9623-4584-A28D-DEE4DF076A6B}"
EndProject
Project("{FAE04EC0-301F-11D3-BF4B-00C04F79EFBC}") = "10. Lower or Upper", "10. Lower or Upper\10. Lower or Upper.csproj", "{6FD31F4F-1441-42FB-8313-05948FB7E896}"
EndProject
Global
	GlobalSection(SolutionConfigurationPlatforms) = preSolution
		Debug|Any CPU = Debug|Any CPU
		Release|Any CPU = Release|Any CPU
	EndGlobalSection
	GlobalSection(ProjectConfigurationPlatforms) = postSolution
		{363AD1F2-2B22-440A-AE3D-4182845C763B}.Debug|Any CPU.ActiveCfg = Debug|Any CPU
		{363AD1F2-2B22-440A-AE3D-4182845C763B}.Debug|Any CPU.Build.0 = Debug|Any CPU
		{363AD1F2-2B22-440A-AE3D-4182845C763B}.Release|Any CPU.ActiveCfg = Release|Any CPU
		{363AD1F2-2B22-440A-AE3D-4182845C763B}.Release|Any CPU.Build.0 = Release|Any CPU
		{C4519D19-BFC6-43C8-AEE0-6188F8686196}.Debug|Any CPU.ActiveCfg = Debug|Any CPU
		{C4519D19-BFC6-43C8-AEE0-6188F8686196}.Debug|Any CPU.Build.0 = Debug|Any CPU
		{C4519D19-BFC6-43C8-AEE0-6188F8686196}.Release|Any CPU.ActiveCfg = Release|Any CPU
		{C4519D19-BFC6-43C8-AEE0-6188F8686196}.Release|Any CPU.Build.0 = Release|Any CPU
		{EF218C40-16F2-4A64-B471-16968CBB67FD}.Debug|Any CPU.ActiveCfg = Debug|Any CPU
		{EF218C40-16F2-4A64-B471-16968CBB67FD}.Debug|Any CPU.Build.0 = Debug|Any CPU
		{EF218C40-16F2-4A64-B471-16968CBB67FD}.Release|Any CPU.ActiveCfg = Release|Any CPU
		{EF218C40-16F2-4A64-B471-16968CBB67FD}.Release|Any CPU.Build.0 = Release|Any CPU
		{DCE75854-34D7-4912-8AC9-489A94B1F946}.Debug|Any CPU.ActiveCfg = Debug|Any CPU
		{DCE75854-34D7-4912-8AC9-489A94B1F946}.Debug|Any CPU.Build.0 = Debug|Any CPU
		{DCE75854-34D7-4912-8AC9-489A94B1F946}.Release|Any CPU.ActiveCfg = Release|Any CPU
		{DCE75854-34D7-4912-8AC9-489A94B1F946}.Release|Any CPU.Build.0 = Release|Any CPU
		{F7A70067-5590-4636-ADF8-154541FED8DC}.Debug|Any CPU.ActiveCfg = Debug|Any CPU
		{F7A70067-5590-4636-ADF8-154541FED8DC}.Debug|Any CPU.Build.0 = Debug|Any CPU
		{F7A70067-5590-4636-ADF8-154541FED8DC}.Release|Any CPU.ActiveCfg = Release|Any CPU
		{F7A70067-5590-4636-ADF8-154541FED8DC}.Release|Any CPU.Build.0 = Release|Any CPU
		{4DCB51AB-09A4-490A-B263-AD0A6112FCDC}.Debug|Any CPU.ActiveCfg = Debug|Any CPU
		{4DCB51AB-09A4-490A-B263-AD0A6112FCDC}.Debug|Any CPU.Build.0 = Debug|Any CPU
		{4DCB51AB-09A4-490A-B263-AD0A6112FCDC}.Release|Any CPU.ActiveCfg = Release|Any CPU
		{4DCB51AB-09A4-490A-B263-AD0A6112FCDC}.Release|Any CPU.Build.0 = Release|Any CPU
		{0B1ACE33-B799-495A-A6DD-A698E39EBC47}.Debug|Any CPU.ActiveCfg = Debug|Any CPU
		{0B1ACE33-B799-495A-A6DD-A698E39EBC47}.Debug|Any CPU.Build.0 = Debug|Any CPU
		{0B1ACE33-B799-495A-A6DD-A698E39EBC47}.Release|Any CPU.ActiveCfg = Release|Any CPU
		{0B1ACE33-B799-495A-A6DD-A698E39EBC47}.Release|Any CPU.Build.0 = Release|Any CPU
		{49978A05-9627-42BF-9888-E66863374A5C}.Debug|Any CPU.ActiveCfg = Debug|Any CPU
		{49978A05-9627-42BF-9888-E66863374A5C}.Debug|Any CPU.Build.0 = Debug|Any CPU
		{49978A05-9627-42BF-9888-E66863374A5C}.Release|Any CPU.ActiveCfg = Release|Any CPU
		{49978A05-9627-42BF-9888-E66863374A5C}.Release|Any CPU.Build.0 = Release|Any CPU
		{7A5C3AD7-9623-4584-A28D-DEE4DF076A6B}.Debug|Any CPU.ActiveCfg = Debug|Any CPU
		{7A5C3AD7-9623-4584-A28D-DEE4DF076A6B}.Debug|Any CPU.Build.0 = Debug|Any CPU
		{7A5C3AD7-9623-4584-A28D-DEE4DF076A6B}.Release|Any CPU.ActiveCfg = Release|Any CPU
		{7A5C3AD7-9623-4584-A28D-DEE4DF076A6B}.Release|Any CPU.Build.0 = Release|Any CPU
		{6FD31F4F-1441-42FB-8313-05948FB7E896}.Debug|Any CPU.ActiveCfg = Debug|Any CPU
		{6FD31F4F-1441-42FB-8313-05948FB7E896}.Debug|Any CPU.Build.0 = Debug|Any CPU
		{6FD31F4F-1441-42FB-8313-05948FB7E896}.Release|Any CPU.ActiveCfg = Release|Any CPU
		{6FD31F4F-1441-42FB-8313-05948FB7E896}.Release|Any CPU.Build.0 = Release|Any CPU
	EndGlobalSection
	GlobalSection(SolutionProperties) = preSolution
		HideSolutionNode = FALSE
	EndGlobalSection
	GlobalSection(ExtensibilityGlobals) = postSolution
		SolutionGuid = {FF62F339-CDD5-47D4-AA81-194B9DCFC298}
	EndGlobalSection
EndGlobal
